PODS:
  - TripodFramework (0.0.1)

DEPENDENCIES:
  - TripodFramework (from `../TripodFramework`)

EXTERNAL SOURCES:
  TripodFramework:
    :path: "../TripodFramework"

SPEC CHECKSUMS:
  TripodFramework: 68070f3160e5dedae229f943b5d2c2ef2a2c7e75

PODFILE CHECKSUM: 6de26ec8b32d857bf736919d89e93fc9914b2b98

COCOAPODS: 1.5.3
