PODS:
  - TripodPro (0.0.1)

DEPENDENCIES:
  - TripodPro (from `https://github.com/gettripod/ios-pro-framework.git`, tag `0.0.1`)

EXTERNAL SOURCES:
  TripodPro:
    :git: https://github.com/gettripod/ios-pro-framework.git
    :tag: 0.0.1

CHECKOUT OPTIONS:
  TripodPro:
    :git: https://github.com/gettripod/ios-pro-framework.git
    :tag: 0.0.1

SPEC CHECKSUMS:
  TripodPro: 4074d5722805035178d019b701217b6655acb943

PODFILE CHECKSUM: da55c0dfca56a4a079482d08cf9d771f0c180bfc

COCOAPODS: 1.5.3
